
Microsoft Visual Studio Solution File, Format Version 12.00
# Visual Studio 2013
VisualStudioVersion = 12.0.30501.0
MinimumVisualStudioVersion = 10.0.40219.1
Project("{8BC9CEB8-8B4A-11D0-8D11-00A0C91BC942}") = "HookTerminateProcess", "HookTerminateProcess\HookTerminateProcess.vcxproj", "{9FDF9ED1-AE01-4025-AE1A-40AD24C91B6F}"
	ProjectSection(ProjectDependencies) = postProject
		{48C53C80-9E11-489B-9DCC-7208D318B48D} = {48C53C80-9E11-489B-9DCC-7208D318B48D}
	EndProjectSection
EndProject
Project("{8BC9CEB8-8B4A-11D0-8D11-00A0C91BC942}") = "HookTerminateProcessDll", "HookTerminateProcessDll\HookTerminateProcessDll.vcxproj", "{48C53C80-9E11-489B-9DCC-7208D318B48D}"
EndProject
Global
	GlobalSection(SolutionConfigurationPlatforms) = preSolution
		Debug|Win32 = Debug|Win32
		Release|Win32 = Release|Win32
	EndGlobalSection
	GlobalSection(ProjectConfigurationPlatforms) = postSolution
		{9FDF9ED1-AE01-4025-AE1A-40AD24C91B6F}.Debug|Win32.ActiveCfg = Debug|Win32
		{9FDF9ED1-AE01-4025-AE1A-40AD24C91B6F}.Debug|Win32.Build.0 = Debug|Win32
		{9FDF9ED1-AE01-4025-AE1A-40AD24C91B6F}.Release|Win32.ActiveCfg = Release|Win32
		{9FDF9ED1-AE01-4025-AE1A-40AD24C91B6F}.Release|Win32.Build.0 = Release|Win32
		{48C53C80-9E11-489B-9DCC-7208D318B48D}.Debug|Win32.ActiveCfg = Debug|Win32
		{48C53C80-9E11-489B-9DCC-7208D318B48D}.Debug|Win32.Build.0 = Debug|Win32
		{48C53C80-9E11-489B-9DCC-7208D318B48D}.Release|Win32.ActiveCfg = Release|Win32
		{48C53C80-9E11-489B-9DCC-7208D318B48D}.Release|Win32.Build.0 = Release|Win32
	EndGlobalSection
	GlobalSection(SolutionProperties) = preSolution
		HideSolutionNode = FALSE
	EndGlobalSection
EndGlobal
